dependencies:
- name: common
  repository: oci://registry-1.docker.io/bitnamicharts
  version: 2.30.0
- name: mongodb
  repository: https://charts.bitnami.com/bitnami
  version: 16.4.12
- name: keycloak
  repository: https://charts.bitnami.com/bitnami
  version: 24.5.7
digest: sha256:aa687c231d5c0803ce561b154a52cb37edf3fb4ca1f2d0ed259c4194538b375a
generated: "2025-04-22T21:08:22.741682602Z"
