dependencies:
- name: common
  repository: oci://registry-1.docker.io/bitnamicharts
  version: 2.28.0
- name: mongodb
  repository: https://charts.bitnami.com/bitnami
  version: 16.4.0
- name: keycloak
  repository: https://charts.bitnami.com/bitnami
  version: 22.1.2
digest: sha256:b9e72e7f54fc59138675bef2fb0c94c089d84fe1a019f35dcf4a8c1560c7802d
generated: "2024-12-21T23:17:36.356842597Z"
